
Microsoft Visual Studio Solution File, Format Version 12.00
# Visual Studio 14
VisualStudioVersion = 14.0.25420.1
MinimumVisualStudioVersion = 10.0.40219.1
Project("{FAE04EC0-301F-11D3-BF4B-00C04F79EFBC}") = "FRC.NetworkTables", "src\FRC.NetworkTables\NetworkTables.csproj", "{6711EFB4-3FD9-45E5-B98E-BE6D5A480245}"
EndProject
Project("{FAE04EC0-301F-11D3-BF4B-00C04F79EFBC}") = "NetworkTables.Test", "test\NetworkTables.Test\NetworkTables.Test.csproj", "{AAAA2A63-7610-4D4A-8E94-F96F5B4C83D1}"
EndProject
Project("{FAE04EC0-301F-11D3-BF4B-00C04F79EFBC}") = "FRC.NetworkTables.Core", "src\FRC.NetworkTables.Core\NetworkTables.Core.csproj", "{7BD949DB-C15F-436B-BDD4-2A47AE80A832}"
EndProject
Project("{FAE04EC0-301F-11D3-BF4B-00C04F79EFBC}") = "NetworkTables.Core.Test", "test\NetworkTables.Core.Test\NetworkTables.Core.Test.csproj", "{1E2FCA78-FDA6-43AB-BB56-BE77C0BC701A}"
EndProject
Global
	GlobalSection(SolutionConfigurationPlatforms) = preSolution
		ArmStandalone|Any CPU = ArmStandalone|Any CPU
		CI|Any CPU = CI|Any CPU
		Debug|Any CPU = Debug|Any CPU
		Release|Any CPU = Release|Any CPU
	EndGlobalSection
	GlobalSection(ProjectConfigurationPlatforms) = postSolution
		{6711EFB4-3FD9-45E5-B98E-BE6D5A480245}.ArmStandalone|Any CPU.ActiveCfg = Release|Any CPU
		{6711EFB4-3FD9-45E5-B98E-BE6D5A480245}.CI|Any CPU.ActiveCfg = CI|Any CPU
		{6711EFB4-3FD9-45E5-B98E-BE6D5A480245}.CI|Any CPU.Build.0 = CI|Any CPU
		{6711EFB4-3FD9-45E5-B98E-BE6D5A480245}.Debug|Any CPU.ActiveCfg = Debug|Any CPU
		{6711EFB4-3FD9-45E5-B98E-BE6D5A480245}.Debug|Any CPU.Build.0 = Debug|Any CPU
		{6711EFB4-3FD9-45E5-B98E-BE6D5A480245}.Release|Any CPU.ActiveCfg = Release|Any CPU
		{6711EFB4-3FD9-45E5-B98E-BE6D5A480245}.Release|Any CPU.Build.0 = Release|Any CPU
		{AAAA2A63-7610-4D4A-8E94-F96F5B4C83D1}.ArmStandalone|Any CPU.ActiveCfg = Release|Any CPU
		{AAAA2A63-7610-4D4A-8E94-F96F5B4C83D1}.CI|Any CPU.ActiveCfg = CI|Any CPU
		{AAAA2A63-7610-4D4A-8E94-F96F5B4C83D1}.CI|Any CPU.Build.0 = CI|Any CPU
		{AAAA2A63-7610-4D4A-8E94-F96F5B4C83D1}.Debug|Any CPU.ActiveCfg = Debug|Any CPU
		{AAAA2A63-7610-4D4A-8E94-F96F5B4C83D1}.Debug|Any CPU.Build.0 = Debug|Any CPU
		{AAAA2A63-7610-4D4A-8E94-F96F5B4C83D1}.Release|Any CPU.ActiveCfg = Release|Any CPU
		{AAAA2A63-7610-4D4A-8E94-F96F5B4C83D1}.Release|Any CPU.Build.0 = Release|Any CPU
		{7BD949DB-C15F-436B-BDD4-2A47AE80A832}.ArmStandalone|Any CPU.ActiveCfg = Debug|Any CPU
		{7BD949DB-C15F-436B-BDD4-2A47AE80A832}.ArmStandalone|Any CPU.Build.0 = Debug|Any CPU
		{7BD949DB-C15F-436B-BDD4-2A47AE80A832}.CI|Any CPU.ActiveCfg = Release|Any CPU
		{7BD949DB-C15F-436B-BDD4-2A47AE80A832}.CI|Any CPU.Build.0 = Release|Any CPU
		{7BD949DB-C15F-436B-BDD4-2A47AE80A832}.Debug|Any CPU.ActiveCfg = Debug|Any CPU
		{7BD949DB-C15F-436B-BDD4-2A47AE80A832}.Debug|Any CPU.Build.0 = Debug|Any CPU
		{7BD949DB-C15F-436B-BDD4-2A47AE80A832}.Release|Any CPU.ActiveCfg = Release|Any CPU
		{7BD949DB-C15F-436B-BDD4-2A47AE80A832}.Release|Any CPU.Build.0 = Release|Any CPU
		{1E2FCA78-FDA6-43AB-BB56-BE77C0BC701A}.ArmStandalone|Any CPU.ActiveCfg = ArmStandalone|Any CPU
		{1E2FCA78-FDA6-43AB-BB56-BE77C0BC701A}.ArmStandalone|Any CPU.Build.0 = ArmStandalone|Any CPU
		{1E2FCA78-FDA6-43AB-BB56-BE77C0BC701A}.CI|Any CPU.ActiveCfg = Release|Any CPU
		{1E2FCA78-FDA6-43AB-BB56-BE77C0BC701A}.CI|Any CPU.Build.0 = Release|Any CPU
		{1E2FCA78-FDA6-43AB-BB56-BE77C0BC701A}.Debug|Any CPU.ActiveCfg = Debug|Any CPU
		{1E2FCA78-FDA6-43AB-BB56-BE77C0BC701A}.Debug|Any CPU.Build.0 = Debug|Any CPU
		{1E2FCA78-FDA6-43AB-BB56-BE77C0BC701A}.Release|Any CPU.ActiveCfg = Release|Any CPU
		{1E2FCA78-FDA6-43AB-BB56-BE77C0BC701A}.Release|Any CPU.Build.0 = Release|Any CPU
	EndGlobalSection
	GlobalSection(SolutionProperties) = preSolution
		HideSolutionNode = FALSE
	EndGlobalSection
EndGlobal
