
Microsoft Visual Studio Solution File, Format Version 12.00
# Visual Studio Version 16
VisualStudioVersion = 16.0.28803.156
MinimumVisualStudioVersion = 15.0.26124.0
Project("{2150E333-8FDC-42A3-9474-1A3956D46DE8}") = "src", "src", "{FCA2625C-F670-47C8-A57C-0CDDA75191D5}"
EndProject
Project("{9A19103F-16F7-4668-BE54-9A1E7A4F7556}") = "FRC.NetworkTables.Core", "src\FRC.NetworkTables.Core\FRC.NetworkTables.Core.csproj", "{967E5110-A79D-4BBF-A039-29646474B141}"
EndProject
Project("{9A19103F-16F7-4668-BE54-9A1E7A4F7556}") = "FRC.NetworkTables.Dev", "src\FRC.NetworkTables.Dev\FRC.NetworkTables.Dev.csproj", "{3CE96B29-8A19-44E8-A90D-E104A2811C38}"
EndProject
Project("{9A19103F-16F7-4668-BE54-9A1E7A4F7556}") = "FRC.NetworkTables.Core.DesktopLibraries", "src\FRC.NetworkTables.Core.DesktopLibraries\FRC.NetworkTables.Core.DesktopLibraries.csproj", "{D46FFFD8-BF31-48E4-830B-DC3AB705E8ED}"
EndProject
Project("{2150E333-8FDC-42A3-9474-1A3956D46DE8}") = "test", "test", "{540AC47D-3009-4CE1-8052-31639DF3E962}"
EndProject
Project("{9A19103F-16F7-4668-BE54-9A1E7A4F7556}") = "FRC.NetworkTables.Core.Test", "test\FRC.NetworkTables.Core.Test\FRC.NetworkTables.Core.Test.csproj", "{59184BE7-93CE-4416-94B8-F0CA32C1949B}"
EndProject
Project("{9A19103F-16F7-4668-BE54-9A1E7A4F7556}") = "NetworkTablesAPI", "src\NetworkTablesAPI\NetworkTablesAPI.csproj", "{DF4366DB-B3C3-4780-9E0C-AB7DEB6B20C0}"
EndProject
Project("{9A19103F-16F7-4668-BE54-9A1E7A4F7556}") = "FRC.NetworkTables.Core.Web", "src\FRC.NetworkTables.Core.Web\FRC.NetworkTables.Core.Web.csproj", "{623E102A-8460-4237-B936-2C50177C527C}"
EndProject
Global
	GlobalSection(SolutionConfigurationPlatforms) = preSolution
		Debug|Any CPU = Debug|Any CPU
		Debug|x64 = Debug|x64
		Debug|x86 = Debug|x86
		Release|Any CPU = Release|Any CPU
		Release|x64 = Release|x64
		Release|x86 = Release|x86
	EndGlobalSection
	GlobalSection(ProjectConfigurationPlatforms) = postSolution
		{967E5110-A79D-4BBF-A039-29646474B141}.Debug|Any CPU.ActiveCfg = Debug|Any CPU
		{967E5110-A79D-4BBF-A039-29646474B141}.Debug|Any CPU.Build.0 = Debug|Any CPU
		{967E5110-A79D-4BBF-A039-29646474B141}.Debug|x64.ActiveCfg = Debug|Any CPU
		{967E5110-A79D-4BBF-A039-29646474B141}.Debug|x64.Build.0 = Debug|Any CPU
		{967E5110-A79D-4BBF-A039-29646474B141}.Debug|x86.ActiveCfg = Debug|Any CPU
		{967E5110-A79D-4BBF-A039-29646474B141}.Debug|x86.Build.0 = Debug|Any CPU
		{967E5110-A79D-4BBF-A039-29646474B141}.Release|Any CPU.ActiveCfg = Release|Any CPU
		{967E5110-A79D-4BBF-A039-29646474B141}.Release|Any CPU.Build.0 = Release|Any CPU
		{967E5110-A79D-4BBF-A039-29646474B141}.Release|x64.ActiveCfg = Release|Any CPU
		{967E5110-A79D-4BBF-A039-29646474B141}.Release|x64.Build.0 = Release|Any CPU
		{967E5110-A79D-4BBF-A039-29646474B141}.Release|x86.ActiveCfg = Release|Any CPU
		{967E5110-A79D-4BBF-A039-29646474B141}.Release|x86.Build.0 = Release|Any CPU
		{3CE96B29-8A19-44E8-A90D-E104A2811C38}.Debug|Any CPU.ActiveCfg = Debug|Any CPU
		{3CE96B29-8A19-44E8-A90D-E104A2811C38}.Debug|Any CPU.Build.0 = Debug|Any CPU
		{3CE96B29-8A19-44E8-A90D-E104A2811C38}.Debug|x64.ActiveCfg = Debug|Any CPU
		{3CE96B29-8A19-44E8-A90D-E104A2811C38}.Debug|x64.Build.0 = Debug|Any CPU
		{3CE96B29-8A19-44E8-A90D-E104A2811C38}.Debug|x86.ActiveCfg = Debug|Any CPU
		{3CE96B29-8A19-44E8-A90D-E104A2811C38}.Debug|x86.Build.0 = Debug|Any CPU
		{3CE96B29-8A19-44E8-A90D-E104A2811C38}.Release|Any CPU.ActiveCfg = Release|Any CPU
		{3CE96B29-8A19-44E8-A90D-E104A2811C38}.Release|Any CPU.Build.0 = Release|Any CPU
		{3CE96B29-8A19-44E8-A90D-E104A2811C38}.Release|x64.ActiveCfg = Release|Any CPU
		{3CE96B29-8A19-44E8-A90D-E104A2811C38}.Release|x64.Build.0 = Release|Any CPU
		{3CE96B29-8A19-44E8-A90D-E104A2811C38}.Release|x86.ActiveCfg = Release|Any CPU
		{3CE96B29-8A19-44E8-A90D-E104A2811C38}.Release|x86.Build.0 = Release|Any CPU
		{D46FFFD8-BF31-48E4-830B-DC3AB705E8ED}.Debug|Any CPU.ActiveCfg = Debug|Any CPU
		{D46FFFD8-BF31-48E4-830B-DC3AB705E8ED}.Debug|Any CPU.Build.0 = Debug|Any CPU
		{D46FFFD8-BF31-48E4-830B-DC3AB705E8ED}.Debug|x64.ActiveCfg = Debug|Any CPU
		{D46FFFD8-BF31-48E4-830B-DC3AB705E8ED}.Debug|x64.Build.0 = Debug|Any CPU
		{D46FFFD8-BF31-48E4-830B-DC3AB705E8ED}.Debug|x86.ActiveCfg = Debug|Any CPU
		{D46FFFD8-BF31-48E4-830B-DC3AB705E8ED}.Debug|x86.Build.0 = Debug|Any CPU
		{D46FFFD8-BF31-48E4-830B-DC3AB705E8ED}.Release|Any CPU.ActiveCfg = Release|Any CPU
		{D46FFFD8-BF31-48E4-830B-DC3AB705E8ED}.Release|Any CPU.Build.0 = Release|Any CPU
		{D46FFFD8-BF31-48E4-830B-DC3AB705E8ED}.Release|x64.ActiveCfg = Release|Any CPU
		{D46FFFD8-BF31-48E4-830B-DC3AB705E8ED}.Release|x64.Build.0 = Release|Any CPU
		{D46FFFD8-BF31-48E4-830B-DC3AB705E8ED}.Release|x86.ActiveCfg = Release|Any CPU
		{D46FFFD8-BF31-48E4-830B-DC3AB705E8ED}.Release|x86.Build.0 = Release|Any CPU
		{59184BE7-93CE-4416-94B8-F0CA32C1949B}.Debug|Any CPU.ActiveCfg = Debug|Any CPU
		{59184BE7-93CE-4416-94B8-F0CA32C1949B}.Debug|Any CPU.Build.0 = Debug|Any CPU
		{59184BE7-93CE-4416-94B8-F0CA32C1949B}.Debug|x64.ActiveCfg = Debug|Any CPU
		{59184BE7-93CE-4416-94B8-F0CA32C1949B}.Debug|x64.Build.0 = Debug|Any CPU
		{59184BE7-93CE-4416-94B8-F0CA32C1949B}.Debug|x86.ActiveCfg = Debug|Any CPU
		{59184BE7-93CE-4416-94B8-F0CA32C1949B}.Debug|x86.Build.0 = Debug|Any CPU
		{59184BE7-93CE-4416-94B8-F0CA32C1949B}.Release|Any CPU.ActiveCfg = Release|Any CPU
		{59184BE7-93CE-4416-94B8-F0CA32C1949B}.Release|Any CPU.Build.0 = Release|Any CPU
		{59184BE7-93CE-4416-94B8-F0CA32C1949B}.Release|x64.ActiveCfg = Release|Any CPU
		{59184BE7-93CE-4416-94B8-F0CA32C1949B}.Release|x64.Build.0 = Release|Any CPU
		{59184BE7-93CE-4416-94B8-F0CA32C1949B}.Release|x86.ActiveCfg = Release|Any CPU
		{59184BE7-93CE-4416-94B8-F0CA32C1949B}.Release|x86.Build.0 = Release|Any CPU
		{DF4366DB-B3C3-4780-9E0C-AB7DEB6B20C0}.Debug|Any CPU.ActiveCfg = Debug|Any CPU
		{DF4366DB-B3C3-4780-9E0C-AB7DEB6B20C0}.Debug|Any CPU.Build.0 = Debug|Any CPU
		{DF4366DB-B3C3-4780-9E0C-AB7DEB6B20C0}.Debug|x64.ActiveCfg = Debug|Any CPU
		{DF4366DB-B3C3-4780-9E0C-AB7DEB6B20C0}.Debug|x64.Build.0 = Debug|Any CPU
		{DF4366DB-B3C3-4780-9E0C-AB7DEB6B20C0}.Debug|x86.ActiveCfg = Debug|Any CPU
		{DF4366DB-B3C3-4780-9E0C-AB7DEB6B20C0}.Debug|x86.Build.0 = Debug|Any CPU
		{DF4366DB-B3C3-4780-9E0C-AB7DEB6B20C0}.Release|Any CPU.ActiveCfg = Release|Any CPU
		{DF4366DB-B3C3-4780-9E0C-AB7DEB6B20C0}.Release|Any CPU.Build.0 = Release|Any CPU
		{DF4366DB-B3C3-4780-9E0C-AB7DEB6B20C0}.Release|x64.ActiveCfg = Release|Any CPU
		{DF4366DB-B3C3-4780-9E0C-AB7DEB6B20C0}.Release|x64.Build.0 = Release|Any CPU
		{DF4366DB-B3C3-4780-9E0C-AB7DEB6B20C0}.Release|x86.ActiveCfg = Release|Any CPU
		{DF4366DB-B3C3-4780-9E0C-AB7DEB6B20C0}.Release|x86.Build.0 = Release|Any CPU
		{623E102A-8460-4237-B936-2C50177C527C}.Debug|Any CPU.ActiveCfg = Debug|Any CPU
		{623E102A-8460-4237-B936-2C50177C527C}.Debug|Any CPU.Build.0 = Debug|Any CPU
		{623E102A-8460-4237-B936-2C50177C527C}.Debug|x64.ActiveCfg = Debug|Any CPU
		{623E102A-8460-4237-B936-2C50177C527C}.Debug|x64.Build.0 = Debug|Any CPU
		{623E102A-8460-4237-B936-2C50177C527C}.Debug|x86.ActiveCfg = Debug|Any CPU
		{623E102A-8460-4237-B936-2C50177C527C}.Debug|x86.Build.0 = Debug|Any CPU
		{623E102A-8460-4237-B936-2C50177C527C}.Release|Any CPU.ActiveCfg = Release|Any CPU
		{623E102A-8460-4237-B936-2C50177C527C}.Release|Any CPU.Build.0 = Release|Any CPU
		{623E102A-8460-4237-B936-2C50177C527C}.Release|x64.ActiveCfg = Release|Any CPU
		{623E102A-8460-4237-B936-2C50177C527C}.Release|x64.Build.0 = Release|Any CPU
		{623E102A-8460-4237-B936-2C50177C527C}.Release|x86.ActiveCfg = Release|Any CPU
		{623E102A-8460-4237-B936-2C50177C527C}.Release|x86.Build.0 = Release|Any CPU
	EndGlobalSection
	GlobalSection(SolutionProperties) = preSolution
		HideSolutionNode = FALSE
	EndGlobalSection
	GlobalSection(NestedProjects) = preSolution
		{967E5110-A79D-4BBF-A039-29646474B141} = {FCA2625C-F670-47C8-A57C-0CDDA75191D5}
		{3CE96B29-8A19-44E8-A90D-E104A2811C38} = {FCA2625C-F670-47C8-A57C-0CDDA75191D5}
		{D46FFFD8-BF31-48E4-830B-DC3AB705E8ED} = {FCA2625C-F670-47C8-A57C-0CDDA75191D5}
		{59184BE7-93CE-4416-94B8-F0CA32C1949B} = {540AC47D-3009-4CE1-8052-31639DF3E962}
		{DF4366DB-B3C3-4780-9E0C-AB7DEB6B20C0} = {FCA2625C-F670-47C8-A57C-0CDDA75191D5}
		{623E102A-8460-4237-B936-2C50177C527C} = {FCA2625C-F670-47C8-A57C-0CDDA75191D5}
	EndGlobalSection
	GlobalSection(ExtensibilityGlobals) = postSolution
		SolutionGuid = {EA46B082-AED4-4EA9-BAD9-924D6448AABE}
	EndGlobalSection
EndGlobal
