
Microsoft Visual Studio Solution File, Format Version 12.00
# Visual Studio 14
VisualStudioVersion = 14.0.24720.0
MinimumVisualStudioVersion = 10.0.40219.1
Project("{FAE04EC0-301F-11D3-BF4B-00C04F79EFBC}") = "NetworkTables", "NetworkTables\NetworkTables.csproj", "{6711EFB4-3FD9-45E5-B98E-BE6D5A480245}"
EndProject
Project("{FAE04EC0-301F-11D3-BF4B-00C04F79EFBC}") = "NetworkTables.Test", "NetworkTables.Test\NetworkTables.Test.csproj", "{AAAA2A63-7610-4D4A-8E94-F96F5B4C83D1}"
EndProject
Global
	GlobalSection(SolutionConfigurationPlatforms) = preSolution
		CI|Any CPU = CI|Any CPU
		Debug|Any CPU = Debug|Any CPU
		Release|Any CPU = Release|Any CPU
	EndGlobalSection
	GlobalSection(ProjectConfigurationPlatforms) = postSolution
		{6711EFB4-3FD9-45E5-B98E-BE6D5A480245}.CI|Any CPU.ActiveCfg = CI|Any CPU
		{6711EFB4-3FD9-45E5-B98E-BE6D5A480245}.CI|Any CPU.Build.0 = CI|Any CPU
		{6711EFB4-3FD9-45E5-B98E-BE6D5A480245}.Debug|Any CPU.ActiveCfg = Debug|Any CPU
		{6711EFB4-3FD9-45E5-B98E-BE6D5A480245}.Debug|Any CPU.Build.0 = Debug|Any CPU
		{6711EFB4-3FD9-45E5-B98E-BE6D5A480245}.Release|Any CPU.ActiveCfg = Release|Any CPU
		{6711EFB4-3FD9-45E5-B98E-BE6D5A480245}.Release|Any CPU.Build.0 = Release|Any CPU
		{AAAA2A63-7610-4D4A-8E94-F96F5B4C83D1}.CI|Any CPU.ActiveCfg = CI|Any CPU
		{AAAA2A63-7610-4D4A-8E94-F96F5B4C83D1}.CI|Any CPU.Build.0 = CI|Any CPU
		{AAAA2A63-7610-4D4A-8E94-F96F5B4C83D1}.Debug|Any CPU.ActiveCfg = Debug|Any CPU
		{AAAA2A63-7610-4D4A-8E94-F96F5B4C83D1}.Debug|Any CPU.Build.0 = Debug|Any CPU
		{AAAA2A63-7610-4D4A-8E94-F96F5B4C83D1}.Release|Any CPU.ActiveCfg = Release|Any CPU
		{AAAA2A63-7610-4D4A-8E94-F96F5B4C83D1}.Release|Any CPU.Build.0 = Release|Any CPU
	EndGlobalSection
	GlobalSection(SolutionProperties) = preSolution
		HideSolutionNode = FALSE
	EndGlobalSection
EndGlobal
